// !$*UTF8*$!
{
	archiveVersion = 1;
	classes = {
	};
	objectVersion = 50;
	objects = {

/* Begin PBXBuildFile section */
		F2C005BE25F2D5250025162A /* SwiftUINavigationIntroApp.swift in Sources */ = {isa = PBXBuildFile; fileRef = F2C005BD25F2D5250025162A /* SwiftUINavigationIntroApp.swift */; };
		F2C005C025F2D5250025162A /* ContentView.swift in Sources */ = {isa = PBXBuildFile; fileRef = F2C005BF25F2D5250025162A /* ContentView.swift */; };
		F2C005C225F2D5280025162A /* Assets.xcassets in Resources */ = {isa = PBXBuildFile; fileRef = F2C005C125F2D5280025162A /* Assets.xcassets */; };
		F2C005C525F2D5280025162A /* Preview Assets.xcassets in Resources */ = {isa = PBXBuildFile; fileRef = F2C005C425F2D5280025162A /* Preview Assets.xcassets */; };
		F2C005CE25F2D5550025162A /* ItemDetailView.swift in Sources */ = {isa = PBXBuildFile; fileRef = F2C005CD25F2D5550025162A /* ItemDetailView.swift */; };
/* End PBXBuildFile section */

/* Begin PBXFileReference section */
		F2C005BA25F2D5250025162A /* SwiftUINavigationIntro.app */ = {isa = PBXFileReference; explicitFileType = wrapper.application; includeInIndex = 0; path = SwiftUINavigationIntro.app; sourceTree = BUILT_PRODUCTS_DIR; };
		F2C005BD25F2D5250025162A /* SwiftUINavigationIntroApp.swift */ = {isa = PBXFileReference; lastKnownFileType = sourcecode.swift; path = SwiftUINavigationIntroApp.swift; sourceTree = "<group>"; };
		F2C005BF25F2D5250025162A /* ContentView.swift */ = {isa = PBXFileReference; lastKnownFileType = sourcecode.swift; path = ContentView.swift; sourceTree = "<group>"; };
		F2C005C125F2D5280025162A /* Assets.xcassets */ = {isa = PBXFileReference; lastKnownFileType = folder.assetcatalog; path = Assets.xcassets; sourceTree = "<group>"; };
		F2C005C425F2D5280025162A /* Preview Assets.xcassets */ = {isa = PBXFileReference; lastKnownFileType = folder.assetcatalog; path = "Preview Assets.xcassets"; sourceTree = "<group>"; };
		F2C005C625F2D5280025162A /* Info.plist */ = {isa = PBXFileReference; lastKnownFileType = text.plist.xml; path = Info.plist; sourceTree = "<group>"; };
		F2C005CD25F2D5550025162A /* ItemDetailView.swift */ = {isa = PBXFileReference; lastKnownFileType = sourcecode.swift; path = ItemDetailView.swift; sourceTree = "<group>"; };
/* End PBXFileReference section */

/* Begin PBXFrameworksBuildPhase section */
		F2C005B725F2D5250025162A /* Frameworks */ = {
			isa = PBXFrameworksBuildPhase;
			buildActionMask = 2147483647;
			files = (
			);
			runOnlyForDeploymentPostprocessing = 0;
		};
/* End PBXFrameworksBuildPhase section */

/* Begin PBXGroup section */
		F2C005B125F2D5250025162A = {
			isa = PBXGroup;
			children = (
				F2C005BC25F2D5250025162A /* SwiftUINavigationIntro */,
				F2C005BB25F2D5250025162A /* Products */,
			);
			sourceTree = "<group>";
		};
		F2C005BB25F2D5250025162A /* Products */ = {
			isa = PBXGroup;
			children = (
				F2C005BA25F2D5250025162A /* SwiftUINavigationIntro.app */,
			);
			name = Products;
			sourceTree = "<group>";
		};
		F2C005BC25F2D5250025162A /* SwiftUINavigationIntro */ = {
			isa = PBXGroup;
			children = (
				F2C005BD25F2D5250025162A /* SwiftUINavigationIntroApp.swift */,
				F2C005BF25F2D5250025162A /* ContentView.swift */,
				F2C005CD25F2D5550025162A /* ItemDetailView.swift */,
				F2C005C125F2D5280025162A /* Assets.xcassets */,
				F2C005C625F2D5280025162A /* Info.plist */,
				F2C005C325F2D5280025162A /* Preview Content */,
			);
			path = SwiftUINavigationIntro;
			sourceTree = "<group>";
		};
		F2C005C325F2D5280025162A /* Preview Content */ = {
			isa = PBXGroup;
			children = (
				F2C005C425F2D5280025162A /* Preview Assets.xcassets */,
			);
			path = "Preview Content";
			sourceTree = "<group>";
		};
/* End PBXGroup section */

/* Begin PBXNativeTarget section */
		F2C005B925F2D5250025162A /* SwiftUINavigationIntro */ = {
			isa = PBXNativeTarget;
			buildConfigurationList = F2C005C925F2D5280025162A /* Build configuration list for PBXNativeTarget "SwiftUINavigationIntro" */;
			buildPhases = (
				F2C005B625F2D5250025162A /* Sources */,
				F2C005B725F2D5250025162A /* Frameworks */,
				F2C005B825F2D5250025162A /* Resources */,
			);
			buildRules = (
			);
			dependencies = (
			);
			name = SwiftUINavigationIntro;
			productName = SwiftUINavigationIntro;
			productReference = F2C005BA25F2D5250025162A /* SwiftUINavigationIntro.app */;
			productType = "com.apple.product-type.application";
		};
/* End PBXNativeTarget section */

/* Begin PBXProject section */
		F2C005B225F2D5250025162A /* Project object */ = {
			isa = PBXProject;
			attributes = {
				LastSwiftUpdateCheck = 1240;
				LastUpgradeCheck = 1240;
				TargetAttributes = {
					F2C005B925F2D5250025162A = {
						CreatedOnToolsVersion = 12.4;
					};
				};
			};
			buildConfigurationList = F2C005B525F2D5250025162A /* Build configuration list for PBXProject "SwiftUINavigationIntro" */;
			compatibilityVersion = "Xcode 9.3";
			developmentRegion = en;
			hasScannedForEncodings = 0;
			knownRegions = (
				en,
				Base,
			);
			mainGroup = F2C005B125F2D5250025162A;
			productRefGroup = F2C005BB25F2D5250025162A /* Products */;
			projectDirPath = "";
			projectRoot = "";
			targets = (
				F2C005B925F2D5250025162A /* SwiftUINavigationIntro */,
			);
		};
/* End PBXProject section */

/* Begin PBXResourcesBuildPhase section */
		F2C005B825F2D5250025162A /* Resources */ = {
			isa = PBXResourcesBuildPhase;
			buildActionMask = 2147483647;
			files = (
				F2C005C525F2D5280025162A /* Preview Assets.xcassets in Resources */,
				F2C005C225F2D5280025162A /* Assets.xcassets in Resources */,
			);
			runOnlyForDeploymentPostprocessing = 0;
		};
/* End PBXResourcesBuildPhase section */

/* Begin PBXSourcesBuildPhase section */
		F2C005B625F2D5250025162A /* Sources */ = {
			isa = PBXSourcesBuildPhase;
			buildActionMask = 2147483647;
			files = (
				F2C005CE25F2D5550025162A /* ItemDetailView.swift in Sources */,
				F2C005C025F2D5250025162A /* ContentView.swift in Sources */,
				F2C005BE25F2D5250025162A /* SwiftUINavigationIntroApp.swift in Sources */,
			);
			runOnlyForDeploymentPostprocessing = 0;
		};
/* End PBXSourcesBuildPhase section */

/* Begin XCBuildConfiguration section */
		F2C005C725F2D5280025162A /* Debug */ = {
			isa = XCBuildConfiguration;
			buildSettings = {
				ALWAYS_SEARCH_USER_PATHS = NO;
				CLANG_ANALYZER_NONNULL = YES;
				CLANG_ANALYZER_NUMBER_OBJECT_CONVERSION = YES_AGGRESSIVE;
				CLANG_CXX_LANGUAGE_STANDARD = "gnu++14";
				CLANG_CXX_LIBRARY = "libc++";
				CLANG_ENABLE_MODULES = YES;
				CLANG_ENABLE_OBJC_ARC = YES;
				CLANG_ENABLE_OBJC_WEAK = YES;
				CLANG_WARN_BLOCK_CAPTURE_AUTORELEASING = YES;
				CLANG_WARN_BOOL_CONVERSION = YES;
				CLANG_WARN_COMMA = YES;
				CLANG_WARN_CONSTANT_CONVERSION = YES;
				CLANG_WARN_DEPRECATED_OBJC_IMPLEMENTATIONS = YES;
				CLANG_WARN_DIRECT_OBJC_ISA_USAGE = YES_ERROR;
				CLANG_WARN_DOCUMENTATION_COMMENTS = YES;
				CLANG_WARN_EMPTY_BODY = YES;
				CLANG_WARN_ENUM_CONVERSION = YES;
				CLANG_WARN_INFINITE_RECURSION = YES;
				CLANG_WARN_INT_CONVERSION = YES;
				CLANG_WARN_NON_LITERAL_NULL_CONVERSION = YES;
				CLANG_WARN_OBJC_IMPLICIT_RETAIN_SELF = YES;
				CLANG_WARN_OBJC_LITERAL_CONVERSION = YES;
				CLANG_WARN_OBJC_ROOT_CLASS = YES_ERROR;
				CLANG_WARN_QUOTED_INCLUDE_IN_FRAMEWORK_HEADER = YES;
				CLANG_WARN_RANGE_LOOP_ANALYSIS = YES;
				CLANG_WARN_STRICT_PROTOTYPES = YES;
				CLANG_WARN_SUSPICIOUS_MOVE = YES;
				CLANG_WARN_UNGUARDED_AVAILABILITY = YES_AGGRESSIVE;
				CLANG_WARN_UNREACHABLE_CODE = YES;
				CLANG_WARN__DUPLICATE_METHOD_MATCH = YES;
				COPY_PHASE_STRIP = NO;
				DEBUG_INFORMATION_FORMAT = dwarf;
				ENABLE_STRICT_OBJC_MSGSEND = YES;
				ENABLE_TESTABILITY = YES;
				GCC_C_LANGUAGE_STANDARD = gnu11;
				GCC_DYNAMIC_NO_PIC = NO;
				GCC_NO_COMMON_BLOCKS = YES;
				GCC_OPTIMIZATION_LEVEL = 0;
				GCC_PREPROCESSOR_DEFINITIONS = (
					"DEBUG=1",
					"$(inherited)",
				);
				GCC_WARN_64_TO_32_BIT_CONVERSION = YES;
				GCC_WARN_ABOUT_RETURN_TYPE = YES_ERROR;
				GCC_WARN_UNDECLARED_SELECTOR = YES;
				GCC_WARN_UNINITIALIZED_AUTOS = YES_AGGRESSIVE;
				GCC_WARN_UNUSED_FUNCTION = YES;
				GCC_WARN_UNUSED_VARIABLE = YES;
				IPHONEOS_DEPLOYMENT_TARGET = 14.4;
				MTL_ENABLE_DEBUG_INFO = INCLUDE_SOURCE;
				MTL_FAST_MATH = YES;
				ONLY_ACTIVE_ARCH = YES;
				SDKROOT = iphoneos;
				SWIFT_ACTIVE_COMPILATION_CONDITIONS = DEBUG;
				SWIFT_OPTIMIZATION_LEVEL = "-Onone";
			};
			name = Debug;
		};
		F2C005C825F2D5280025162A /* Release */ = {
			isa = XCBuildConfiguration;
			buildSettings = {
				ALWAYS_SEARCH_USER_PATHS = NO;
				CLANG_ANALYZER_NONNULL = YES;
				CLANG_ANALYZER_NUMBER_OBJECT_CONVERSION = YES_AGGRESSIVE;
				CLANG_CXX_LANGUAGE_STANDARD = "gnu++14";
				CLANG_CXX_LIBRARY = "libc++";
				CLANG_ENABLE_MODULES = YES;
				CLANG_ENABLE_OBJC_ARC = YES;
				CLANG_ENABLE_OBJC_WEAK = YES;
				CLANG_WARN_BLOCK_CAPTURE_AUTORELEASING = YES;
				CLANG_WARN_BOOL_CONVERSION = YES;
				CLANG_WARN_COMMA = YES;
				CLANG_WARN_CONSTANT_CONVERSION = YES;
				CLANG_WARN_DEPRECATED_OBJC_IMPLEMENTATIONS = YES;
				CLANG_WARN_DIRECT_OBJC_ISA_USAGE = YES_ERROR;
				CLANG_WARN_DOCUMENTATION_COMMENTS = YES;
				CLANG_WARN_EMPTY_BODY = YES;
				CLANG_WARN_ENUM_CONVERSION = YES;
				CLANG_WARN_INFINITE_RECURSION = YES;
				CLANG_WARN_INT_CONVERSION = YES;
				CLANG_WARN_NON_LITERAL_NULL_CONVERSION = YES;
				CLANG_WARN_OBJC_IMPLICIT_RETAIN_SELF = YES;
				CLANG_WARN_OBJC_LITERAL_CONVERSION = YES;
				CLANG_WARN_OBJC_ROOT_CLASS = YES_ERROR;
				CLANG_WARN_QUOTED_INCLUDE_IN_FRAMEWORK_HEADER = YES;
				CLANG_WARN_RANGE_LOOP_ANALYSIS = YES;
				CLANG_WARN_STRICT_PROTOTYPES = YES;
				CLANG_WARN_SUSPICIOUS_MOVE = YES;
				CLANG_WARN_UNGUARDED_AVAILABILITY = YES_AGGRESSIVE;
				CLANG_WARN_UNREACHABLE_CODE = YES;
				CLANG_WARN__DUPLICATE_METHOD_MATCH = YES;
				COPY_PHASE_STRIP = NO;
				DEBUG_INFORMATION_FORMAT = "dwarf-with-dsym";
				ENABLE_NS_ASSERTIONS = NO;
				ENABLE_STRICT_OBJC_MSGSEND = YES;
				GCC_C_LANGUAGE_STANDARD = gnu11;
				GCC_NO_COMMON_BLOCKS = YES;
				GCC_WARN_64_TO_32_BIT_CONVERSION = YES;
				GCC_WARN_ABOUT_RETURN_TYPE = YES_ERROR;
				GCC_WARN_UNDECLARED_SELECTOR = YES;
				GCC_WARN_UNINITIALIZED_AUTOS = YES_AGGRESSIVE;
				GCC_WARN_UNUSED_FUNCTION = YES;
				GCC_WARN_UNUSED_VARIABLE = YES;
				IPHONEOS_DEPLOYMENT_TARGET = 14.4;
				MTL_ENABLE_DEBUG_INFO = NO;
				MTL_FAST_MATH = YES;
				SDKROOT = iphoneos;
				SWIFT_COMPILATION_MODE = wholemodule;
				SWIFT_OPTIMIZATION_LEVEL = "-O";
				VALIDATE_PRODUCT = YES;
			};
			name = Release;
		};
		F2C005CA25F2D5280025162A /* Debug */ = {
			isa = XCBuildConfiguration;
			buildSettings = {
				ASSETCATALOG_COMPILER_APPICON_NAME = AppIcon;
				ASSETCATALOG_COMPILER_GLOBAL_ACCENT_COLOR_NAME = AccentColor;
				CODE_SIGN_STYLE = Automatic;
				DEVELOPMENT_ASSET_PATHS = "\"SwiftUINavigationIntro/Preview Content\"";
				DEVELOPMENT_TEAM = FUW9LQ6QG6;
				ENABLE_PREVIEWS = YES;
				INFOPLIST_FILE = SwiftUINavigationIntro/Info.plist;
				IPHONEOS_DEPLOYMENT_TARGET = 14.0;
				LD_RUNPATH_SEARCH_PATHS = (
					"$(inherited)",
					"@executable_path/Frameworks",
				);
				PRODUCT_BUNDLE_IDENTIFIER = tiencong283.SwiftUINavigationIntro;
				PRODUCT_NAME = "$(TARGET_NAME)";
				SWIFT_VERSION = 5.0;
				TARGETED_DEVICE_FAMILY = "1,2";
			};
			name = Debug;
		};
		F2C005CB25F2D5280025162A /* Release */ = {
			isa = XCBuildConfiguration;
			buildSettings = {
				ASSETCATALOG_COMPILER_APPICON_NAME = AppIcon;
				ASSETCATALOG_COMPILER_GLOBAL_ACCENT_COLOR_NAME = AccentColor;
				CODE_SIGN_STYLE = Automatic;
				DEVELOPMENT_ASSET_PATHS = "\"SwiftUINavigationIntro/Preview Content\"";
				DEVELOPMENT_TEAM = FUW9LQ6QG6;
				ENABLE_PREVIEWS = YES;
				INFOPLIST_FILE = SwiftUINavigationIntro/Info.plist;
				IPHONEOS_DEPLOYMENT_TARGET = 14.0;
				LD_RUNPATH_SEARCH_PATHS = (
					"$(inherited)",
					"@executable_path/Frameworks",
				);
				PRODUCT_BUNDLE_IDENTIFIER = tiencong283.SwiftUINavigationIntro;
				PRODUCT_NAME = "$(TARGET_NAME)";
				SWIFT_VERSION = 5.0;
				TARGETED_DEVICE_FAMILY = "1,2";
			};
			name = Release;
		};
/* End XCBuildConfiguration section */

/* Begin XCConfigurationList section */
		F2C005B525F2D5250025162A /* Build configuration list for PBXProject "SwiftUINavigationIntro" */ = {
			isa = XCConfigurationList;
			buildConfigurations = (
				F2C005C725F2D5280025162A /* Debug */,
				F2C005C825F2D5280025162A /* Release */,
			);
			defaultConfigurationIsVisible = 0;
			defaultConfigurationName = Release;
		};
		F2C005C925F2D5280025162A /* Build configuration list for PBXNativeTarget "SwiftUINavigationIntro" */ = {
			isa = XCConfigurationList;
			buildConfigurations = (
				F2C005CA25F2D5280025162A /* Debug */,
				F2C005CB25F2D5280025162A /* Release */,
			);
			defaultConfigurationIsVisible = 0;
			defaultConfigurationName = Release;
		};
/* End XCConfigurationList section */
	};
	rootObject = F2C005B225F2D5250025162A /* Project object */;
}
