// !$*UTF8*$!
{
	archiveVersion = 1;
	classes = {
	};
	objectVersion = 56;
	objects = {

/* Begin PBXBuildFile section */
		570249FD29BE24E100075719 /* CodeHistoryApp.swift in Sources */ = {isa = PBXBuildFile; fileRef = 570249FC29BE24E100075719 /* CodeHistoryApp.swift */; };
		57024A0129BE24E200075719 /* Assets.xcassets in Resources */ = {isa = PBXBuildFile; fileRef = 57024A0029BE24E200075719 /* Assets.xcassets */; };
		57024A0429BE24E200075719 /* Preview Assets.xcassets in Resources */ = {isa = PBXBuildFile; fileRef = 57024A0329BE24E200075719 /* Preview Assets.xcassets */; };
		57024A2529BE267D00075719 /* QuestionView.swift in Sources */ = {isa = PBXBuildFile; fileRef = 57024A1B29BE267D00075719 /* QuestionView.swift */; };
		57024A2629BE267D00075719 /* GameView.swift in Sources */ = {isa = PBXBuildFile; fileRef = 57024A1C29BE267D00075719 /* GameView.swift */; };
		57024A2729BE267D00075719 /* GameColor.swift in Sources */ = {isa = PBXBuildFile; fileRef = 57024A1D29BE267D00075719 /* GameColor.swift */; };
		57024A2829BE267D00075719 /* ChoiceTextView.swift in Sources */ = {isa = PBXBuildFile; fileRef = 57024A1E29BE267D00075719 /* ChoiceTextView.swift */; };
		57024A2929BE267D00075719 /* WelcomeView.swift in Sources */ = {isa = PBXBuildFile; fileRef = 57024A1F29BE267D00075719 /* WelcomeView.swift */; };
		57024A2A29BE267D00075719 /* BottomTextView.swift in Sources */ = {isa = PBXBuildFile; fileRef = 57024A2029BE267D00075719 /* BottomTextView.swift */; };
		57024A2B29BE267D00075719 /* ScoreView.swift in Sources */ = {isa = PBXBuildFile; fileRef = 57024A2129BE267D00075719 /* ScoreView.swift */; };
		57024A2C29BE267D00075719 /* ScoreViewModel.swift in Sources */ = {isa = PBXBuildFile; fileRef = 57024A2329BE267D00075719 /* ScoreViewModel.swift */; };
		57024A2D29BE267D00075719 /* GameViewModel.swift in Sources */ = {isa = PBXBuildFile; fileRef = 57024A2429BE267D00075719 /* GameViewModel.swift */; };
		57024A3129BE269900075719 /* Game.swift in Sources */ = {isa = PBXBuildFile; fileRef = 57024A2F29BE269800075719 /* Game.swift */; };
		57024A3229BE269900075719 /* Question.swift in Sources */ = {isa = PBXBuildFile; fileRef = 57024A3029BE269800075719 /* Question.swift */; };
/* End PBXBuildFile section */

/* Begin PBXFileReference section */
		570249F929BE24E100075719 /* CodeHistory.app */ = {isa = PBXFileReference; explicitFileType = wrapper.application; includeInIndex = 0; path = CodeHistory.app; sourceTree = BUILT_PRODUCTS_DIR; };
		570249FC29BE24E100075719 /* CodeHistoryApp.swift */ = {isa = PBXFileReference; lastKnownFileType = sourcecode.swift; path = CodeHistoryApp.swift; sourceTree = "<group>"; };
		57024A0029BE24E200075719 /* Assets.xcassets */ = {isa = PBXFileReference; lastKnownFileType = folder.assetcatalog; path = Assets.xcassets; sourceTree = "<group>"; };
		57024A0329BE24E200075719 /* Preview Assets.xcassets */ = {isa = PBXFileReference; lastKnownFileType = folder.assetcatalog; path = "Preview Assets.xcassets"; sourceTree = "<group>"; };
		57024A1B29BE267D00075719 /* QuestionView.swift */ = {isa = PBXFileReference; fileEncoding = 4; lastKnownFileType = sourcecode.swift; path = QuestionView.swift; sourceTree = "<group>"; };
		57024A1C29BE267D00075719 /* GameView.swift */ = {isa = PBXFileReference; fileEncoding = 4; lastKnownFileType = sourcecode.swift; path = GameView.swift; sourceTree = "<group>"; };
		57024A1D29BE267D00075719 /* GameColor.swift */ = {isa = PBXFileReference; fileEncoding = 4; lastKnownFileType = sourcecode.swift; path = GameColor.swift; sourceTree = "<group>"; };
		57024A1E29BE267D00075719 /* ChoiceTextView.swift */ = {isa = PBXFileReference; fileEncoding = 4; lastKnownFileType = sourcecode.swift; path = ChoiceTextView.swift; sourceTree = "<group>"; };
		57024A1F29BE267D00075719 /* WelcomeView.swift */ = {isa = PBXFileReference; fileEncoding = 4; lastKnownFileType = sourcecode.swift; path = WelcomeView.swift; sourceTree = "<group>"; };
		57024A2029BE267D00075719 /* BottomTextView.swift */ = {isa = PBXFileReference; fileEncoding = 4; lastKnownFileType = sourcecode.swift; path = BottomTextView.swift; sourceTree = "<group>"; };
		57024A2129BE267D00075719 /* ScoreView.swift */ = {isa = PBXFileReference; fileEncoding = 4; lastKnownFileType = sourcecode.swift; path = ScoreView.swift; sourceTree = "<group>"; };
		57024A2329BE267D00075719 /* ScoreViewModel.swift */ = {isa = PBXFileReference; fileEncoding = 4; lastKnownFileType = sourcecode.swift; path = ScoreViewModel.swift; sourceTree = "<group>"; };
		57024A2429BE267D00075719 /* GameViewModel.swift */ = {isa = PBXFileReference; fileEncoding = 4; lastKnownFileType = sourcecode.swift; path = GameViewModel.swift; sourceTree = "<group>"; };
		57024A2F29BE269800075719 /* Game.swift */ = {isa = PBXFileReference; fileEncoding = 4; lastKnownFileType = sourcecode.swift; path = Game.swift; sourceTree = "<group>"; };
		57024A3029BE269800075719 /* Question.swift */ = {isa = PBXFileReference; fileEncoding = 4; lastKnownFileType = sourcecode.swift; path = Question.swift; sourceTree = "<group>"; };
/* End PBXFileReference section */

/* Begin PBXFrameworksBuildPhase section */
		570249F629BE24E100075719 /* Frameworks */ = {
			isa = PBXFrameworksBuildPhase;
			buildActionMask = 2147483647;
			files = (
			);
			runOnlyForDeploymentPostprocessing = 0;
		};
/* End PBXFrameworksBuildPhase section */

/* Begin PBXGroup section */
		570249F029BE24E100075719 = {
			isa = PBXGroup;
			children = (
				570249FB29BE24E100075719 /* CodeHistory */,
				570249FA29BE24E100075719 /* Products */,
			);
			sourceTree = "<group>";
		};
		570249FA29BE24E100075719 /* Products */ = {
			isa = PBXGroup;
			children = (
				570249F929BE24E100075719 /* CodeHistory.app */,
			);
			name = Products;
			sourceTree = "<group>";
		};
		570249FB29BE24E100075719 /* CodeHistory */ = {
			isa = PBXGroup;
			children = (
				57024A2E29BE269800075719 /* Models */,
				57024A2229BE267D00075719 /* ViewModels */,
				57024A1A29BE267D00075719 /* Views */,
				570249FC29BE24E100075719 /* CodeHistoryApp.swift */,
				57024A0029BE24E200075719 /* Assets.xcassets */,
				57024A0229BE24E200075719 /* Preview Content */,
			);
			path = CodeHistory;
			sourceTree = "<group>";
		};
		57024A0229BE24E200075719 /* Preview Content */ = {
			isa = PBXGroup;
			children = (
				57024A0329BE24E200075719 /* Preview Assets.xcassets */,
			);
			path = "Preview Content";
			sourceTree = "<group>";
		};
		57024A1A29BE267D00075719 /* Views */ = {
			isa = PBXGroup;
			children = (
				57024A1B29BE267D00075719 /* QuestionView.swift */,
				57024A1C29BE267D00075719 /* GameView.swift */,
				57024A1D29BE267D00075719 /* GameColor.swift */,
				57024A1E29BE267D00075719 /* ChoiceTextView.swift */,
				57024A1F29BE267D00075719 /* WelcomeView.swift */,
				57024A2029BE267D00075719 /* BottomTextView.swift */,
				57024A2129BE267D00075719 /* ScoreView.swift */,
			);
			path = Views;
			sourceTree = "<group>";
		};
		57024A2229BE267D00075719 /* ViewModels */ = {
			isa = PBXGroup;
			children = (
				57024A2329BE267D00075719 /* ScoreViewModel.swift */,
				57024A2429BE267D00075719 /* GameViewModel.swift */,
			);
			path = ViewModels;
			sourceTree = "<group>";
		};
		57024A2E29BE269800075719 /* Models */ = {
			isa = PBXGroup;
			children = (
				57024A2F29BE269800075719 /* Game.swift */,
				57024A3029BE269800075719 /* Question.swift */,
			);
			path = Models;
			sourceTree = "<group>";
		};
/* End PBXGroup section */

/* Begin PBXNativeTarget section */
		570249F829BE24E100075719 /* CodeHistory */ = {
			isa = PBXNativeTarget;
			buildConfigurationList = 57024A0729BE24E200075719 /* Build configuration list for PBXNativeTarget "CodeHistory" */;
			buildPhases = (
				570249F529BE24E100075719 /* Sources */,
				570249F629BE24E100075719 /* Frameworks */,
				570249F729BE24E100075719 /* Resources */,
			);
			buildRules = (
			);
			dependencies = (
			);
			name = CodeHistory;
			productName = CodeHistory;
			productReference = 570249F929BE24E100075719 /* CodeHistory.app */;
			productType = "com.apple.product-type.application";
		};
/* End PBXNativeTarget section */

/* Begin PBXProject section */
		570249F129BE24E100075719 /* Project object */ = {
			isa = PBXProject;
			attributes = {
				BuildIndependentTargetsInParallel = 1;
				LastSwiftUpdateCheck = 1420;
				LastUpgradeCheck = 1420;
				TargetAttributes = {
					570249F829BE24E100075719 = {
						CreatedOnToolsVersion = 14.2;
					};
				};
			};
			buildConfigurationList = 570249F429BE24E100075719 /* Build configuration list for PBXProject "CodeHistory" */;
			compatibilityVersion = "Xcode 14.0";
			developmentRegion = en;
			hasScannedForEncodings = 0;
			knownRegions = (
				en,
				Base,
			);
			mainGroup = 570249F029BE24E100075719;
			productRefGroup = 570249FA29BE24E100075719 /* Products */;
			projectDirPath = "";
			projectRoot = "";
			targets = (
				570249F829BE24E100075719 /* CodeHistory */,
			);
		};
/* End PBXProject section */

/* Begin PBXResourcesBuildPhase section */
		570249F729BE24E100075719 /* Resources */ = {
			isa = PBXResourcesBuildPhase;
			buildActionMask = 2147483647;
			files = (
				57024A0429BE24E200075719 /* Preview Assets.xcassets in Resources */,
				57024A0129BE24E200075719 /* Assets.xcassets in Resources */,
			);
			runOnlyForDeploymentPostprocessing = 0;
		};
/* End PBXResourcesBuildPhase section */

/* Begin PBXSourcesBuildPhase section */
		570249F529BE24E100075719 /* Sources */ = {
			isa = PBXSourcesBuildPhase;
			buildActionMask = 2147483647;
			files = (
				57024A2A29BE267D00075719 /* BottomTextView.swift in Sources */,
				57024A2B29BE267D00075719 /* ScoreView.swift in Sources */,
				57024A2529BE267D00075719 /* QuestionView.swift in Sources */,
				57024A2929BE267D00075719 /* WelcomeView.swift in Sources */,
				57024A2629BE267D00075719 /* GameView.swift in Sources */,
				570249FD29BE24E100075719 /* CodeHistoryApp.swift in Sources */,
				57024A3129BE269900075719 /* Game.swift in Sources */,
				57024A2C29BE267D00075719 /* ScoreViewModel.swift in Sources */,
				57024A2729BE267D00075719 /* GameColor.swift in Sources */,
				57024A3229BE269900075719 /* Question.swift in Sources */,
				57024A2D29BE267D00075719 /* GameViewModel.swift in Sources */,
				57024A2829BE267D00075719 /* ChoiceTextView.swift in Sources */,
			);
			runOnlyForDeploymentPostprocessing = 0;
		};
/* End PBXSourcesBuildPhase section */

/* Begin XCBuildConfiguration section */
		57024A0529BE24E200075719 /* Debug */ = {
			isa = XCBuildConfiguration;
			buildSettings = {
				ALWAYS_SEARCH_USER_PATHS = NO;
				CLANG_ANALYZER_NONNULL = YES;
				CLANG_ANALYZER_NUMBER_OBJECT_CONVERSION = YES_AGGRESSIVE;
				CLANG_CXX_LANGUAGE_STANDARD = "gnu++20";
				CLANG_ENABLE_MODULES = YES;
				CLANG_ENABLE_OBJC_ARC = YES;
				CLANG_ENABLE_OBJC_WEAK = YES;
				CLANG_WARN_BLOCK_CAPTURE_AUTORELEASING = YES;
				CLANG_WARN_BOOL_CONVERSION = YES;
				CLANG_WARN_COMMA = YES;
				CLANG_WARN_CONSTANT_CONVERSION = YES;
				CLANG_WARN_DEPRECATED_OBJC_IMPLEMENTATIONS = YES;
				CLANG_WARN_DIRECT_OBJC_ISA_USAGE = YES_ERROR;
				CLANG_WARN_DOCUMENTATION_COMMENTS = YES;
				CLANG_WARN_EMPTY_BODY = YES;
				CLANG_WARN_ENUM_CONVERSION = YES;
				CLANG_WARN_INFINITE_RECURSION = YES;
				CLANG_WARN_INT_CONVERSION = YES;
				CLANG_WARN_NON_LITERAL_NULL_CONVERSION = YES;
				CLANG_WARN_OBJC_IMPLICIT_RETAIN_SELF = YES;
				CLANG_WARN_OBJC_LITERAL_CONVERSION = YES;
				CLANG_WARN_OBJC_ROOT_CLASS = YES_ERROR;
				CLANG_WARN_QUOTED_INCLUDE_IN_FRAMEWORK_HEADER = YES;
				CLANG_WARN_RANGE_LOOP_ANALYSIS = YES;
				CLANG_WARN_STRICT_PROTOTYPES = YES;
				CLANG_WARN_SUSPICIOUS_MOVE = YES;
				CLANG_WARN_UNGUARDED_AVAILABILITY = YES_AGGRESSIVE;
				CLANG_WARN_UNREACHABLE_CODE = YES;
				CLANG_WARN__DUPLICATE_METHOD_MATCH = YES;
				COPY_PHASE_STRIP = NO;
				DEBUG_INFORMATION_FORMAT = dwarf;
				ENABLE_STRICT_OBJC_MSGSEND = YES;
				ENABLE_TESTABILITY = YES;
				GCC_C_LANGUAGE_STANDARD = gnu11;
				GCC_DYNAMIC_NO_PIC = NO;
				GCC_NO_COMMON_BLOCKS = YES;
				GCC_OPTIMIZATION_LEVEL = 0;
				GCC_PREPROCESSOR_DEFINITIONS = (
					"DEBUG=1",
					"$(inherited)",
				);
				GCC_WARN_64_TO_32_BIT_CONVERSION = YES;
				GCC_WARN_ABOUT_RETURN_TYPE = YES_ERROR;
				GCC_WARN_UNDECLARED_SELECTOR = YES;
				GCC_WARN_UNINITIALIZED_AUTOS = YES_AGGRESSIVE;
				GCC_WARN_UNUSED_FUNCTION = YES;
				GCC_WARN_UNUSED_VARIABLE = YES;
				IPHONEOS_DEPLOYMENT_TARGET = 16.2;
				MTL_ENABLE_DEBUG_INFO = INCLUDE_SOURCE;
				MTL_FAST_MATH = YES;
				ONLY_ACTIVE_ARCH = YES;
				SDKROOT = iphoneos;
				SWIFT_ACTIVE_COMPILATION_CONDITIONS = DEBUG;
				SWIFT_OPTIMIZATION_LEVEL = "-Onone";
			};
			name = Debug;
		};
		57024A0629BE24E200075719 /* Release */ = {
			isa = XCBuildConfiguration;
			buildSettings = {
				ALWAYS_SEARCH_USER_PATHS = NO;
				CLANG_ANALYZER_NONNULL = YES;
				CLANG_ANALYZER_NUMBER_OBJECT_CONVERSION = YES_AGGRESSIVE;
				CLANG_CXX_LANGUAGE_STANDARD = "gnu++20";
				CLANG_ENABLE_MODULES = YES;
				CLANG_ENABLE_OBJC_ARC = YES;
				CLANG_ENABLE_OBJC_WEAK = YES;
				CLANG_WARN_BLOCK_CAPTURE_AUTORELEASING = YES;
				CLANG_WARN_BOOL_CONVERSION = YES;
				CLANG_WARN_COMMA = YES;
				CLANG_WARN_CONSTANT_CONVERSION = YES;
				CLANG_WARN_DEPRECATED_OBJC_IMPLEMENTATIONS = YES;
				CLANG_WARN_DIRECT_OBJC_ISA_USAGE = YES_ERROR;
				CLANG_WARN_DOCUMENTATION_COMMENTS = YES;
				CLANG_WARN_EMPTY_BODY = YES;
				CLANG_WARN_ENUM_CONVERSION = YES;
				CLANG_WARN_INFINITE_RECURSION = YES;
				CLANG_WARN_INT_CONVERSION = YES;
				CLANG_WARN_NON_LITERAL_NULL_CONVERSION = YES;
				CLANG_WARN_OBJC_IMPLICIT_RETAIN_SELF = YES;
				CLANG_WARN_OBJC_LITERAL_CONVERSION = YES;
				CLANG_WARN_OBJC_ROOT_CLASS = YES_ERROR;
				CLANG_WARN_QUOTED_INCLUDE_IN_FRAMEWORK_HEADER = YES;
				CLANG_WARN_RANGE_LOOP_ANALYSIS = YES;
				CLANG_WARN_STRICT_PROTOTYPES = YES;
				CLANG_WARN_SUSPICIOUS_MOVE = YES;
				CLANG_WARN_UNGUARDED_AVAILABILITY = YES_AGGRESSIVE;
				CLANG_WARN_UNREACHABLE_CODE = YES;
				CLANG_WARN__DUPLICATE_METHOD_MATCH = YES;
				COPY_PHASE_STRIP = NO;
				DEBUG_INFORMATION_FORMAT = "dwarf-with-dsym";
				ENABLE_NS_ASSERTIONS = NO;
				ENABLE_STRICT_OBJC_MSGSEND = YES;
				GCC_C_LANGUAGE_STANDARD = gnu11;
				GCC_NO_COMMON_BLOCKS = YES;
				GCC_WARN_64_TO_32_BIT_CONVERSION = YES;
				GCC_WARN_ABOUT_RETURN_TYPE = YES_ERROR;
				GCC_WARN_UNDECLARED_SELECTOR = YES;
				GCC_WARN_UNINITIALIZED_AUTOS = YES_AGGRESSIVE;
				GCC_WARN_UNUSED_FUNCTION = YES;
				GCC_WARN_UNUSED_VARIABLE = YES;
				IPHONEOS_DEPLOYMENT_TARGET = 16.2;
				MTL_ENABLE_DEBUG_INFO = NO;
				MTL_FAST_MATH = YES;
				SDKROOT = iphoneos;
				SWIFT_COMPILATION_MODE = wholemodule;
				SWIFT_OPTIMIZATION_LEVEL = "-O";
				VALIDATE_PRODUCT = YES;
			};
			name = Release;
		};
		57024A0829BE24E200075719 /* Debug */ = {
			isa = XCBuildConfiguration;
			buildSettings = {
				ASSETCATALOG_COMPILER_APPICON_NAME = AppIcon;
				ASSETCATALOG_COMPILER_GLOBAL_ACCENT_COLOR_NAME = AccentColor;
				CODE_SIGN_STYLE = Automatic;
				CURRENT_PROJECT_VERSION = 1;
				DEVELOPMENT_ASSET_PATHS = "\"CodeHistory/Preview Content\"";
				DEVELOPMENT_TEAM = FUW9LQ6QG6;
				ENABLE_PREVIEWS = YES;
				GENERATE_INFOPLIST_FILE = YES;
				INFOPLIST_KEY_UIApplicationSceneManifest_Generation = YES;
				INFOPLIST_KEY_UIApplicationSupportsIndirectInputEvents = YES;
				INFOPLIST_KEY_UILaunchScreen_Generation = YES;
				INFOPLIST_KEY_UISupportedInterfaceOrientations_iPad = "UIInterfaceOrientationPortrait UIInterfaceOrientationPortraitUpsideDown UIInterfaceOrientationLandscapeLeft UIInterfaceOrientationLandscapeRight";
				INFOPLIST_KEY_UISupportedInterfaceOrientations_iPhone = "UIInterfaceOrientationPortrait UIInterfaceOrientationLandscapeLeft UIInterfaceOrientationLandscapeRight";
				LD_RUNPATH_SEARCH_PATHS = (
					"$(inherited)",
					"@executable_path/Frameworks",
				);
				MARKETING_VERSION = 1.0;
				PRODUCT_BUNDLE_IDENTIFIER = tiencong283.CodeHistory;
				PRODUCT_NAME = "$(TARGET_NAME)";
				SWIFT_EMIT_LOC_STRINGS = YES;
				SWIFT_VERSION = 5.0;
				TARGETED_DEVICE_FAMILY = "1,2";
			};
			name = Debug;
		};
		57024A0929BE24E200075719 /* Release */ = {
			isa = XCBuildConfiguration;
			buildSettings = {
				ASSETCATALOG_COMPILER_APPICON_NAME = AppIcon;
				ASSETCATALOG_COMPILER_GLOBAL_ACCENT_COLOR_NAME = AccentColor;
				CODE_SIGN_STYLE = Automatic;
				CURRENT_PROJECT_VERSION = 1;
				DEVELOPMENT_ASSET_PATHS = "\"CodeHistory/Preview Content\"";
				DEVELOPMENT_TEAM = FUW9LQ6QG6;
				ENABLE_PREVIEWS = YES;
				GENERATE_INFOPLIST_FILE = YES;
				INFOPLIST_KEY_UIApplicationSceneManifest_Generation = YES;
				INFOPLIST_KEY_UIApplicationSupportsIndirectInputEvents = YES;
				INFOPLIST_KEY_UILaunchScreen_Generation = YES;
				INFOPLIST_KEY_UISupportedInterfaceOrientations_iPad = "UIInterfaceOrientationPortrait UIInterfaceOrientationPortraitUpsideDown UIInterfaceOrientationLandscapeLeft UIInterfaceOrientationLandscapeRight";
				INFOPLIST_KEY_UISupportedInterfaceOrientations_iPhone = "UIInterfaceOrientationPortrait UIInterfaceOrientationLandscapeLeft UIInterfaceOrientationLandscapeRight";
				LD_RUNPATH_SEARCH_PATHS = (
					"$(inherited)",
					"@executable_path/Frameworks",
				);
				MARKETING_VERSION = 1.0;
				PRODUCT_BUNDLE_IDENTIFIER = tiencong283.CodeHistory;
				PRODUCT_NAME = "$(TARGET_NAME)";
				SWIFT_EMIT_LOC_STRINGS = YES;
				SWIFT_VERSION = 5.0;
				TARGETED_DEVICE_FAMILY = "1,2";
			};
			name = Release;
		};
/* End XCBuildConfiguration section */

/* Begin XCConfigurationList section */
		570249F429BE24E100075719 /* Build configuration list for PBXProject "CodeHistory" */ = {
			isa = XCConfigurationList;
			buildConfigurations = (
				57024A0529BE24E200075719 /* Debug */,
				57024A0629BE24E200075719 /* Release */,
			);
			defaultConfigurationIsVisible = 0;
			defaultConfigurationName = Release;
		};
		57024A0729BE24E200075719 /* Build configuration list for PBXNativeTarget "CodeHistory" */ = {
			isa = XCConfigurationList;
			buildConfigurations = (
				57024A0829BE24E200075719 /* Debug */,
				57024A0929BE24E200075719 /* Release */,
			);
			defaultConfigurationIsVisible = 0;
			defaultConfigurationName = Release;
		};
/* End XCConfigurationList section */
	};
	rootObject = 570249F129BE24E100075719 /* Project object */;
}
